
Microsoft Visual Studio Solution File, Format Version 12.00
# Visual Studio 15
Project("{FAE04EC0-301F-11D3-BF4B-00C04F79EFBC}") = "Assembly-CSharp", "Assembly-CSharp.csproj", "{66CC5B63-73F4-C8E5-B141-F248AF7BD1D0}"
EndProject
Project("{FAE04EC0-301F-11D3-BF4B-00C04F79EFBC}") = "Assembly-CSharp-Editor", "Assembly-CSharp-Editor.csproj", "{42298181-7C0B-08DA-0C16-B6F308BA5319}"
EndProject
Global
	GlobalSection(SolutionConfigurationPlatforms) = preSolution
		Debug|Any CPU = Debug|Any CPU
		Release|Any CPU = Release|Any CPU
	EndGlobalSection
	GlobalSection(ProjectConfigurationPlatforms) = postSolution
		{66CC5B63-73F4-C8E5-B141-F248AF7BD1D0}.Debug|Any CPU.ActiveCfg = Debug|Any CPU
		{66CC5B63-73F4-C8E5-B141-F248AF7BD1D0}.Debug|Any CPU.Build.0 = Debug|Any CPU
		{66CC5B63-73F4-C8E5-B141-F248AF7BD1D0}.Release|Any CPU.ActiveCfg = Release|Any CPU
		{66CC5B63-73F4-C8E5-B141-F248AF7BD1D0}.Release|Any CPU.Build.0 = Release|Any CPU
		{42298181-7C0B-08DA-0C16-B6F308BA5319}.Debug|Any CPU.ActiveCfg = Debug|Any CPU
		{42298181-7C0B-08DA-0C16-B6F308BA5319}.Debug|Any CPU.Build.0 = Debug|Any CPU
		{42298181-7C0B-08DA-0C16-B6F308BA5319}.Release|Any CPU.ActiveCfg = Release|Any CPU
		{42298181-7C0B-08DA-0C16-B6F308BA5319}.Release|Any CPU.Build.0 = Release|Any CPU
	EndGlobalSection
	GlobalSection(SolutionProperties) = preSolution
		HideSolutionNode = FALSE
	EndGlobalSection
EndGlobal
